
Microsoft Visual Studio Solution File, Format Version 12.00
# Visual Studio Version 17
VisualStudioVersion = 17.9.34622.214
MinimumVisualStudioVersion = 10.0.40219.1
Project("{FAE04EC0-301F-11D3-BF4B-00C04F79EFBC}") = "GeometricShapeAreaSearchLibrary", "GeometricShapeAreaSearchLibrary\GeometricShapeAreaSearchLibrary.csproj", "{90B8EF0D-18E0-4F0A-BDE5-86EF9A7914B3}"
EndProject
Global
	GlobalSection(SolutionConfigurationPlatforms) = preSolution
		Debug|Any CPU = Debug|Any CPU
		Release|Any CPU = Release|Any CPU
	EndGlobalSection
	GlobalSection(ProjectConfigurationPlatforms) = postSolution
		{90B8EF0D-18E0-4F0A-BDE5-86EF9A7914B3}.Debug|Any CPU.ActiveCfg = Debug|Any CPU
		{90B8EF0D-18E0-4F0A-BDE5-86EF9A7914B3}.Debug|Any CPU.Build.0 = Debug|Any CPU
		{90B8EF0D-18E0-4F0A-BDE5-86EF9A7914B3}.Release|Any CPU.ActiveCfg = Release|Any CPU
		{90B8EF0D-18E0-4F0A-BDE5-86EF9A7914B3}.Release|Any CPU.Build.0 = Release|Any CPU
	EndGlobalSection
	GlobalSection(SolutionProperties) = preSolution
		HideSolutionNode = FALSE
	EndGlobalSection
	GlobalSection(ExtensibilityGlobals) = postSolution
		SolutionGuid = {04176E90-3268-4B1A-8B69-D2AEF199F174}
	EndGlobalSection
EndGlobal
