
Microsoft Visual Studio Solution File, Format Version 12.00
# Visual Studio Version 17
VisualStudioVersion = 17.9.34622.214
MinimumVisualStudioVersion = 10.0.40219.1
Project("{9A19103F-16F7-4668-BE54-9A1E7A4F7556}") = "ShapeAreaLibraryTest", "ShapeAreaLibraryTest\ShapeAreaLibraryTest.csproj", "{A9BEF0AE-1BDE-466C-A172-9227F0FE290A}"
EndProject
Global
	GlobalSection(SolutionConfigurationPlatforms) = preSolution
		Debug|Any CPU = Debug|Any CPU
		Release|Any CPU = Release|Any CPU
	EndGlobalSection
	GlobalSection(ProjectConfigurationPlatforms) = postSolution
		{A9BEF0AE-1BDE-466C-A172-9227F0FE290A}.Debug|Any CPU.ActiveCfg = Debug|Any CPU
		{A9BEF0AE-1BDE-466C-A172-9227F0FE290A}.Debug|Any CPU.Build.0 = Debug|Any CPU
		{A9BEF0AE-1BDE-466C-A172-9227F0FE290A}.Release|Any CPU.ActiveCfg = Release|Any CPU
		{A9BEF0AE-1BDE-466C-A172-9227F0FE290A}.Release|Any CPU.Build.0 = Release|Any CPU
	EndGlobalSection
	GlobalSection(SolutionProperties) = preSolution
		HideSolutionNode = FALSE
	EndGlobalSection
	GlobalSection(ExtensibilityGlobals) = postSolution
		SolutionGuid = {B16604B7-46CE-46CF-92AD-5407752171BC}
	EndGlobalSection
EndGlobal
